
Microsoft Visual Studio Solution File, Format Version 12.00
# Visual Studio 15
VisualStudioVersion = 15.0.27428.2043
MinimumVisualStudioVersion = 10.0.40219.1
Project("{FAE04EC0-301F-11D3-BF4B-00C04F79EFBC}") = "JC_PROJECT", "JC_PROJECT\JC_PROJECT.csproj", "{FD74A2F5-32F2-4C19-8C82-E2E26781EC26}"
EndProject
Project("{FAE04EC0-301F-11D3-BF4B-00C04F79EFBC}") = "JC_PROJECT.Tests", "JC_PROJECT.Tests\JC_PROJECT.Tests.csproj", "{238A13F5-83DF-4FD8-B241-744245D53FB8}"
EndProject
Global
	GlobalSection(SolutionConfigurationPlatforms) = preSolution
		Debug|Any CPU = Debug|Any CPU
		Release|Any CPU = Release|Any CPU
	EndGlobalSection
	GlobalSection(ProjectConfigurationPlatforms) = postSolution
		{FD74A2F5-32F2-4C19-8C82-E2E26781EC26}.Debug|Any CPU.ActiveCfg = Debug|Any CPU
		{FD74A2F5-32F2-4C19-8C82-E2E26781EC26}.Debug|Any CPU.Build.0 = Debug|Any CPU
		{FD74A2F5-32F2-4C19-8C82-E2E26781EC26}.Release|Any CPU.ActiveCfg = Release|Any CPU
		{FD74A2F5-32F2-4C19-8C82-E2E26781EC26}.Release|Any CPU.Build.0 = Release|Any CPU
		{238A13F5-83DF-4FD8-B241-744245D53FB8}.Debug|Any CPU.ActiveCfg = Debug|Any CPU
		{238A13F5-83DF-4FD8-B241-744245D53FB8}.Debug|Any CPU.Build.0 = Debug|Any CPU
		{238A13F5-83DF-4FD8-B241-744245D53FB8}.Release|Any CPU.ActiveCfg = Release|Any CPU
		{238A13F5-83DF-4FD8-B241-744245D53FB8}.Release|Any CPU.Build.0 = Release|Any CPU
	EndGlobalSection
	GlobalSection(SolutionProperties) = preSolution
		HideSolutionNode = FALSE
	EndGlobalSection
	GlobalSection(ExtensibilityGlobals) = postSolution
		SolutionGuid = {E8484B1E-4934-47B4-A1E6-BD21985D03F6}
	EndGlobalSection
EndGlobal
